// !$*UTF8*$!
{
	archiveVersion = 1;
	classes = {
	};
	objectVersion = 52;
	objects = {

/* Begin PBXBuildFile section */
		CA2DBC3426B0665900806D6B /* SwifterSwift in Frameworks */ = {isa = PBXBuildFile; productRef = CA2DBC3326B0665900806D6B /* SwifterSwift */; };
		CAA52FAA26ACDA9700D34413 /* TodoApp.swift in Sources */ = {isa = PBXBuildFile; fileRef = CAA52FA926ACDA9700D34413 /* TodoApp.swift */; };
		CAA52FAC26ACDA9700D34413 /* MainView.swift in Sources */ = {isa = PBXBuildFile; fileRef = CAA52FAB26ACDA9700D34413 /* MainView.swift */; };
		CAA52FAE26ACDA9E00D34413 /* Assets.xcassets in Resources */ = {isa = PBXBuildFile; fileRef = CAA52FAD26ACDA9E00D34413 /* Assets.xcassets */; };
		CAA52FB126ACDA9E00D34413 /* Preview Assets.xcassets in Resources */ = {isa = PBXBuildFile; fileRef = CAA52FB026ACDA9E00D34413 /* Preview Assets.xcassets */; };
		CAA52FBD26ACDE9200D34413 /* Assets.swift in Sources */ = {isa = PBXBuildFile; fileRef = CAA52FBC26ACDE9200D34413 /* Assets.swift */; };
		CAA52FC126ACE36E00D34413 /* TodoView.swift in Sources */ = {isa = PBXBuildFile; fileRef = CAA52FC026ACE36E00D34413 /* TodoView.swift */; };
		CAA52FC526ACEC6A00D34413 /* SVG.swift in Sources */ = {isa = PBXBuildFile; fileRef = CAA52FC426ACEC6A00D34413 /* SVG.swift */; };
		CAA52FC726ACF23300D34413 /* NewTodoView.swift in Sources */ = {isa = PBXBuildFile; fileRef = CAA52FC626ACF23300D34413 /* NewTodoView.swift */; };
		CAA52FC926ACF56800D34413 /* SettingsButtonView.swift in Sources */ = {isa = PBXBuildFile; fileRef = CAA52FC826ACF56800D34413 /* SettingsButtonView.swift */; };
		CAA52FCB26ACF87300D34413 /* SettingsView.swift in Sources */ = {isa = PBXBuildFile; fileRef = CAA52FCA26ACF87300D34413 /* SettingsView.swift */; };
		CAA52FCD26AE414C00D34413 /* NewTodoViewModel.swift in Sources */ = {isa = PBXBuildFile; fileRef = CAA52FCC26AE414B00D34413 /* NewTodoViewModel.swift */; };
		CAA52FCF26AE42E300D34413 /* MainViewModel.swift in Sources */ = {isa = PBXBuildFile; fileRef = CAA52FCE26AE42E300D34413 /* MainViewModel.swift */; };
		CAA52FD326AE434C00D34413 /* PersistenceModel.swift in Sources */ = {isa = PBXBuildFile; fileRef = CAA52FD226AE434C00D34413 /* PersistenceModel.swift */; };
		CAA52FD626AE43C000D34413 /* TodoDataModel.xcdatamodeld in Sources */ = {isa = PBXBuildFile; fileRef = CAA52FD426AE43C000D34413 /* TodoDataModel.xcdatamodeld */; };
/* End PBXBuildFile section */

/* Begin PBXFileReference section */
		CAA52FA626ACDA9700D34413 /* Todo.app */ = {isa = PBXFileReference; explicitFileType = wrapper.application; includeInIndex = 0; path = Todo.app; sourceTree = BUILT_PRODUCTS_DIR; };
		CAA52FA926ACDA9700D34413 /* TodoApp.swift */ = {isa = PBXFileReference; lastKnownFileType = sourcecode.swift; path = TodoApp.swift; sourceTree = "<group>"; };
		CAA52FAB26ACDA9700D34413 /* MainView.swift */ = {isa = PBXFileReference; lastKnownFileType = sourcecode.swift; path = MainView.swift; sourceTree = "<group>"; };
		CAA52FAD26ACDA9E00D34413 /* Assets.xcassets */ = {isa = PBXFileReference; lastKnownFileType = folder.assetcatalog; path = Assets.xcassets; sourceTree = "<group>"; };
		CAA52FB026ACDA9E00D34413 /* Preview Assets.xcassets */ = {isa = PBXFileReference; lastKnownFileType = folder.assetcatalog; path = "Preview Assets.xcassets"; sourceTree = "<group>"; };
		CAA52FB226ACDA9E00D34413 /* Info.plist */ = {isa = PBXFileReference; lastKnownFileType = text.plist.xml; path = Info.plist; sourceTree = "<group>"; };
		CAA52FBC26ACDE9200D34413 /* Assets.swift */ = {isa = PBXFileReference; lastKnownFileType = sourcecode.swift; path = Assets.swift; sourceTree = "<group>"; };
		CAA52FC026ACE36E00D34413 /* TodoView.swift */ = {isa = PBXFileReference; lastKnownFileType = sourcecode.swift; path = TodoView.swift; sourceTree = "<group>"; };
		CAA52FC426ACEC6A00D34413 /* SVG.swift */ = {isa = PBXFileReference; lastKnownFileType = sourcecode.swift; path = SVG.swift; sourceTree = "<group>"; };
		CAA52FC626ACF23300D34413 /* NewTodoView.swift */ = {isa = PBXFileReference; lastKnownFileType = sourcecode.swift; path = NewTodoView.swift; sourceTree = "<group>"; };
		CAA52FC826ACF56800D34413 /* SettingsButtonView.swift */ = {isa = PBXFileReference; lastKnownFileType = sourcecode.swift; path = SettingsButtonView.swift; sourceTree = "<group>"; };
		CAA52FCA26ACF87300D34413 /* SettingsView.swift */ = {isa = PBXFileReference; lastKnownFileType = sourcecode.swift; path = SettingsView.swift; sourceTree = "<group>"; };
		CAA52FCC26AE414B00D34413 /* NewTodoViewModel.swift */ = {isa = PBXFileReference; lastKnownFileType = sourcecode.swift; path = NewTodoViewModel.swift; sourceTree = "<group>"; };
		CAA52FCE26AE42E300D34413 /* MainViewModel.swift */ = {isa = PBXFileReference; lastKnownFileType = sourcecode.swift; path = MainViewModel.swift; sourceTree = "<group>"; };
		CAA52FD226AE434C00D34413 /* PersistenceModel.swift */ = {isa = PBXFileReference; lastKnownFileType = sourcecode.swift; path = PersistenceModel.swift; sourceTree = "<group>"; };
		CAA52FD526AE43C000D34413 /* TodoDataModel.xcdatamodel */ = {isa = PBXFileReference; lastKnownFileType = wrapper.xcdatamodel; path = TodoDataModel.xcdatamodel; sourceTree = "<group>"; };
/* End PBXFileReference section */

/* Begin PBXFrameworksBuildPhase section */
		CAA52FA326ACDA9700D34413 /* Frameworks */ = {
			isa = PBXFrameworksBuildPhase;
			buildActionMask = 2147483647;
			files = (
				CA2DBC3426B0665900806D6B /* SwifterSwift in Frameworks */,
			);
			runOnlyForDeploymentPostprocessing = 0;
		};
/* End PBXFrameworksBuildPhase section */

/* Begin PBXGroup section */
		CAA52F9D26ACDA9700D34413 = {
			isa = PBXGroup;
			children = (
				CAA52FA826ACDA9700D34413 /* Todo */,
				CAA52FA726ACDA9700D34413 /* Products */,
			);
			sourceTree = "<group>";
		};
		CAA52FA726ACDA9700D34413 /* Products */ = {
			isa = PBXGroup;
			children = (
				CAA52FA626ACDA9700D34413 /* Todo.app */,
			);
			name = Products;
			sourceTree = "<group>";
		};
		CAA52FA826ACDA9700D34413 /* Todo */ = {
			isa = PBXGroup;
			children = (
				CAA52FBB26ACDE6E00D34413 /* ViewModels */,
				CAA52FBA26ACDE6A00D34413 /* Models */,
				CAA52FB926ACDE6500D34413 /* Views */,
				CAA52FB826ACDE6000D34413 /* Shared */,
				CAA52FA926ACDA9700D34413 /* TodoApp.swift */,
				CAA52FAD26ACDA9E00D34413 /* Assets.xcassets */,
				CAA52FB226ACDA9E00D34413 /* Info.plist */,
				CAA52FAF26ACDA9E00D34413 /* Preview Content */,
			);
			path = Todo;
			sourceTree = "<group>";
		};
		CAA52FAF26ACDA9E00D34413 /* Preview Content */ = {
			isa = PBXGroup;
			children = (
				CAA52FB026ACDA9E00D34413 /* Preview Assets.xcassets */,
			);
			path = "Preview Content";
			sourceTree = "<group>";
		};
		CAA52FB826ACDE6000D34413 /* Shared */ = {
			isa = PBXGroup;
			children = (
				CAA52FBC26ACDE9200D34413 /* Assets.swift */,
				CAA52FD226AE434C00D34413 /* PersistenceModel.swift */,
			);
			path = Shared;
			sourceTree = "<group>";
		};
		CAA52FB926ACDE6500D34413 /* Views */ = {
			isa = PBXGroup;
			children = (
				CAA52FAB26ACDA9700D34413 /* MainView.swift */,
				CAA52FC826ACF56800D34413 /* SettingsButtonView.swift */,
				CAA52FC026ACE36E00D34413 /* TodoView.swift */,
				CAA52FC426ACEC6A00D34413 /* SVG.swift */,
				CAA52FC626ACF23300D34413 /* NewTodoView.swift */,
				CAA52FCA26ACF87300D34413 /* SettingsView.swift */,
			);
			path = Views;
			sourceTree = "<group>";
		};
		CAA52FBA26ACDE6A00D34413 /* Models */ = {
			isa = PBXGroup;
			children = (
				CAA52FD426AE43C000D34413 /* TodoDataModel.xcdatamodeld */,
			);
			path = Models;
			sourceTree = "<group>";
		};
		CAA52FBB26ACDE6E00D34413 /* ViewModels */ = {
			isa = PBXGroup;
			children = (
				CAA52FCC26AE414B00D34413 /* NewTodoViewModel.swift */,
				CAA52FCE26AE42E300D34413 /* MainViewModel.swift */,
			);
			path = ViewModels;
			sourceTree = "<group>";
		};
/* End PBXGroup section */

/* Begin PBXNativeTarget section */
		CAA52FA526ACDA9700D34413 /* Todo */ = {
			isa = PBXNativeTarget;
			buildConfigurationList = CAA52FB526ACDA9E00D34413 /* Build configuration list for PBXNativeTarget "Todo" */;
			buildPhases = (
				CAA52FA226ACDA9700D34413 /* Sources */,
				CAA52FA326ACDA9700D34413 /* Frameworks */,
				CAA52FA426ACDA9700D34413 /* Resources */,
			);
			buildRules = (
			);
			dependencies = (
			);
			name = Todo;
			packageProductDependencies = (
				CA2DBC3326B0665900806D6B /* SwifterSwift */,
			);
			productName = Todo;
			productReference = CAA52FA626ACDA9700D34413 /* Todo.app */;
			productType = "com.apple.product-type.application";
		};
/* End PBXNativeTarget section */

/* Begin PBXProject section */
		CAA52F9E26ACDA9700D34413 /* Project object */ = {
			isa = PBXProject;
			attributes = {
				LastSwiftUpdateCheck = 1250;
				LastUpgradeCheck = 1250;
				TargetAttributes = {
					CAA52FA526ACDA9700D34413 = {
						CreatedOnToolsVersion = 12.5.1;
					};
				};
			};
			buildConfigurationList = CAA52FA126ACDA9700D34413 /* Build configuration list for PBXProject "Todo" */;
			compatibilityVersion = "Xcode 9.3";
			developmentRegion = en;
			hasScannedForEncodings = 0;
			knownRegions = (
				en,
				Base,
			);
			mainGroup = CAA52F9D26ACDA9700D34413;
			packageReferences = (
				CA2DBC3226B0665900806D6B /* XCRemoteSwiftPackageReference "SwifterSwift" */,
			);
			productRefGroup = CAA52FA726ACDA9700D34413 /* Products */;
			projectDirPath = "";
			projectRoot = "";
			targets = (
				CAA52FA526ACDA9700D34413 /* Todo */,
			);
		};
/* End PBXProject section */

/* Begin PBXResourcesBuildPhase section */
		CAA52FA426ACDA9700D34413 /* Resources */ = {
			isa = PBXResourcesBuildPhase;
			buildActionMask = 2147483647;
			files = (
				CAA52FB126ACDA9E00D34413 /* Preview Assets.xcassets in Resources */,
				CAA52FAE26ACDA9E00D34413 /* Assets.xcassets in Resources */,
			);
			runOnlyForDeploymentPostprocessing = 0;
		};
/* End PBXResourcesBuildPhase section */

/* Begin PBXSourcesBuildPhase section */
		CAA52FA226ACDA9700D34413 /* Sources */ = {
			isa = PBXSourcesBuildPhase;
			buildActionMask = 2147483647;
			files = (
				CAA52FAC26ACDA9700D34413 /* MainView.swift in Sources */,
				CAA52FCB26ACF87300D34413 /* SettingsView.swift in Sources */,
				CAA52FC526ACEC6A00D34413 /* SVG.swift in Sources */,
				CAA52FD626AE43C000D34413 /* TodoDataModel.xcdatamodeld in Sources */,
				CAA52FBD26ACDE9200D34413 /* Assets.swift in Sources */,
				CAA52FC726ACF23300D34413 /* NewTodoView.swift in Sources */,
				CAA52FCF26AE42E300D34413 /* MainViewModel.swift in Sources */,
				CAA52FCD26AE414C00D34413 /* NewTodoViewModel.swift in Sources */,
				CAA52FC126ACE36E00D34413 /* TodoView.swift in Sources */,
				CAA52FD326AE434C00D34413 /* PersistenceModel.swift in Sources */,
				CAA52FC926ACF56800D34413 /* SettingsButtonView.swift in Sources */,
				CAA52FAA26ACDA9700D34413 /* TodoApp.swift in Sources */,
			);
			runOnlyForDeploymentPostprocessing = 0;
		};
/* End PBXSourcesBuildPhase section */

/* Begin XCBuildConfiguration section */
		CAA52FB326ACDA9E00D34413 /* Debug */ = {
			isa = XCBuildConfiguration;
			buildSettings = {
				ALWAYS_SEARCH_USER_PATHS = NO;
				CLANG_ANALYZER_NONNULL = YES;
				CLANG_ANALYZER_NUMBER_OBJECT_CONVERSION = YES_AGGRESSIVE;
				CLANG_CXX_LANGUAGE_STANDARD = "gnu++14";
				CLANG_CXX_LIBRARY = "libc++";
				CLANG_ENABLE_MODULES = YES;
				CLANG_ENABLE_OBJC_ARC = YES;
				CLANG_ENABLE_OBJC_WEAK = YES;
				CLANG_WARN_BLOCK_CAPTURE_AUTORELEASING = YES;
				CLANG_WARN_BOOL_CONVERSION = YES;
				CLANG_WARN_COMMA = YES;
				CLANG_WARN_CONSTANT_CONVERSION = YES;
				CLANG_WARN_DEPRECATED_OBJC_IMPLEMENTATIONS = YES;
				CLANG_WARN_DIRECT_OBJC_ISA_USAGE = YES_ERROR;
				CLANG_WARN_DOCUMENTATION_COMMENTS = YES;
				CLANG_WARN_EMPTY_BODY = YES;
				CLANG_WARN_ENUM_CONVERSION = YES;
				CLANG_WARN_INFINITE_RECURSION = YES;
				CLANG_WARN_INT_CONVERSION = YES;
				CLANG_WARN_NON_LITERAL_NULL_CONVERSION = YES;
				CLANG_WARN_OBJC_IMPLICIT_RETAIN_SELF = YES;
				CLANG_WARN_OBJC_LITERAL_CONVERSION = YES;
				CLANG_WARN_OBJC_ROOT_CLASS = YES_ERROR;
				CLANG_WARN_QUOTED_INCLUDE_IN_FRAMEWORK_HEADER = YES;
				CLANG_WARN_RANGE_LOOP_ANALYSIS = YES;
				CLANG_WARN_STRICT_PROTOTYPES = YES;
				CLANG_WARN_SUSPICIOUS_MOVE = YES;
				CLANG_WARN_UNGUARDED_AVAILABILITY = YES_AGGRESSIVE;
				CLANG_WARN_UNREACHABLE_CODE = YES;
				CLANG_WARN__DUPLICATE_METHOD_MATCH = YES;
				COPY_PHASE_STRIP = NO;
				DEBUG_INFORMATION_FORMAT = dwarf;
				ENABLE_STRICT_OBJC_MSGSEND = YES;
				ENABLE_TESTABILITY = YES;
				GCC_C_LANGUAGE_STANDARD = gnu11;
				GCC_DYNAMIC_NO_PIC = NO;
				GCC_NO_COMMON_BLOCKS = YES;
				GCC_OPTIMIZATION_LEVEL = 0;
				GCC_PREPROCESSOR_DEFINITIONS = (
					"DEBUG=1",
					"$(inherited)",
				);
				GCC_WARN_64_TO_32_BIT_CONVERSION = YES;
				GCC_WARN_ABOUT_RETURN_TYPE = YES_ERROR;
				GCC_WARN_UNDECLARED_SELECTOR = YES;
				GCC_WARN_UNINITIALIZED_AUTOS = YES_AGGRESSIVE;
				GCC_WARN_UNUSED_FUNCTION = YES;
				GCC_WARN_UNUSED_VARIABLE = YES;
				IPHONEOS_DEPLOYMENT_TARGET = 14.5;
				MTL_ENABLE_DEBUG_INFO = INCLUDE_SOURCE;
				MTL_FAST_MATH = YES;
				ONLY_ACTIVE_ARCH = YES;
				SDKROOT = iphoneos;
				SWIFT_ACTIVE_COMPILATION_CONDITIONS = DEBUG;
				SWIFT_OPTIMIZATION_LEVEL = "-Onone";
			};
			name = Debug;
		};
		CAA52FB426ACDA9E00D34413 /* Release */ = {
			isa = XCBuildConfiguration;
			buildSettings = {
				ALWAYS_SEARCH_USER_PATHS = NO;
				CLANG_ANALYZER_NONNULL = YES;
				CLANG_ANALYZER_NUMBER_OBJECT_CONVERSION = YES_AGGRESSIVE;
				CLANG_CXX_LANGUAGE_STANDARD = "gnu++14";
				CLANG_CXX_LIBRARY = "libc++";
				CLANG_ENABLE_MODULES = YES;
				CLANG_ENABLE_OBJC_ARC = YES;
				CLANG_ENABLE_OBJC_WEAK = YES;
				CLANG_WARN_BLOCK_CAPTURE_AUTORELEASING = YES;
				CLANG_WARN_BOOL_CONVERSION = YES;
				CLANG_WARN_COMMA = YES;
				CLANG_WARN_CONSTANT_CONVERSION = YES;
				CLANG_WARN_DEPRECATED_OBJC_IMPLEMENTATIONS = YES;
				CLANG_WARN_DIRECT_OBJC_ISA_USAGE = YES_ERROR;
				CLANG_WARN_DOCUMENTATION_COMMENTS = YES;
				CLANG_WARN_EMPTY_BODY = YES;
				CLANG_WARN_ENUM_CONVERSION = YES;
				CLANG_WARN_INFINITE_RECURSION = YES;
				CLANG_WARN_INT_CONVERSION = YES;
				CLANG_WARN_NON_LITERAL_NULL_CONVERSION = YES;
				CLANG_WARN_OBJC_IMPLICIT_RETAIN_SELF = YES;
				CLANG_WARN_OBJC_LITERAL_CONVERSION = YES;
				CLANG_WARN_OBJC_ROOT_CLASS = YES_ERROR;
				CLANG_WARN_QUOTED_INCLUDE_IN_FRAMEWORK_HEADER = YES;
				CLANG_WARN_RANGE_LOOP_ANALYSIS = YES;
				CLANG_WARN_STRICT_PROTOTYPES = YES;
				CLANG_WARN_SUSPICIOUS_MOVE = YES;
				CLANG_WARN_UNGUARDED_AVAILABILITY = YES_AGGRESSIVE;
				CLANG_WARN_UNREACHABLE_CODE = YES;
				CLANG_WARN__DUPLICATE_METHOD_MATCH = YES;
				COPY_PHASE_STRIP = NO;
				DEBUG_INFORMATION_FORMAT = "dwarf-with-dsym";
				ENABLE_NS_ASSERTIONS = NO;
				ENABLE_STRICT_OBJC_MSGSEND = YES;
				GCC_C_LANGUAGE_STANDARD = gnu11;
				GCC_NO_COMMON_BLOCKS = YES;
				GCC_WARN_64_TO_32_BIT_CONVERSION = YES;
				GCC_WARN_ABOUT_RETURN_TYPE = YES_ERROR;
				GCC_WARN_UNDECLARED_SELECTOR = YES;
				GCC_WARN_UNINITIALIZED_AUTOS = YES_AGGRESSIVE;
				GCC_WARN_UNUSED_FUNCTION = YES;
				GCC_WARN_UNUSED_VARIABLE = YES;
				IPHONEOS_DEPLOYMENT_TARGET = 14.5;
				MTL_ENABLE_DEBUG_INFO = NO;
				MTL_FAST_MATH = YES;
				SDKROOT = iphoneos;
				SWIFT_COMPILATION_MODE = wholemodule;
				SWIFT_OPTIMIZATION_LEVEL = "-O";
				VALIDATE_PRODUCT = YES;
			};
			name = Release;
		};
		CAA52FB626ACDA9E00D34413 /* Debug */ = {
			isa = XCBuildConfiguration;
			buildSettings = {
				ASSETCATALOG_COMPILER_APPICON_NAME = AppIcon;
				ASSETCATALOG_COMPILER_GLOBAL_ACCENT_COLOR_NAME = AccentColor;
				CODE_SIGN_STYLE = Automatic;
				DEVELOPMENT_ASSET_PATHS = "\"Todo/Preview Content\"";
				DEVELOPMENT_TEAM = HB3E67YK35;
				ENABLE_PREVIEWS = YES;
				INFOPLIST_FILE = Todo/Info.plist;
				IPHONEOS_DEPLOYMENT_TARGET = 14.0;
				LD_RUNPATH_SEARCH_PATHS = (
					"$(inherited)",
					"@executable_path/Frameworks",
				);
				PRODUCT_BUNDLE_IDENTIFIER = com.jemalvarez.Todo;
				PRODUCT_NAME = "$(TARGET_NAME)";
				SWIFT_VERSION = 5.0;
				TARGETED_DEVICE_FAMILY = "1,2";
			};
			name = Debug;
		};
		CAA52FB726ACDA9E00D34413 /* Release */ = {
			isa = XCBuildConfiguration;
			buildSettings = {
				ASSETCATALOG_COMPILER_APPICON_NAME = AppIcon;
				ASSETCATALOG_COMPILER_GLOBAL_ACCENT_COLOR_NAME = AccentColor;
				CODE_SIGN_STYLE = Automatic;
				DEVELOPMENT_ASSET_PATHS = "\"Todo/Preview Content\"";
				DEVELOPMENT_TEAM = HB3E67YK35;
				ENABLE_PREVIEWS = YES;
				INFOPLIST_FILE = Todo/Info.plist;
				IPHONEOS_DEPLOYMENT_TARGET = 14.0;
				LD_RUNPATH_SEARCH_PATHS = (
					"$(inherited)",
					"@executable_path/Frameworks",
				);
				PRODUCT_BUNDLE_IDENTIFIER = com.jemalvarez.Todo;
				PRODUCT_NAME = "$(TARGET_NAME)";
				SWIFT_VERSION = 5.0;
				TARGETED_DEVICE_FAMILY = "1,2";
			};
			name = Release;
		};
/* End XCBuildConfiguration section */

/* Begin XCConfigurationList section */
		CAA52FA126ACDA9700D34413 /* Build configuration list for PBXProject "Todo" */ = {
			isa = XCConfigurationList;
			buildConfigurations = (
				CAA52FB326ACDA9E00D34413 /* Debug */,
				CAA52FB426ACDA9E00D34413 /* Release */,
			);
			defaultConfigurationIsVisible = 0;
			defaultConfigurationName = Release;
		};
		CAA52FB526ACDA9E00D34413 /* Build configuration list for PBXNativeTarget "Todo" */ = {
			isa = XCConfigurationList;
			buildConfigurations = (
				CAA52FB626ACDA9E00D34413 /* Debug */,
				CAA52FB726ACDA9E00D34413 /* Release */,
			);
			defaultConfigurationIsVisible = 0;
			defaultConfigurationName = Release;
		};
/* End XCConfigurationList section */

/* Begin XCRemoteSwiftPackageReference section */
		CA2DBC3226B0665900806D6B /* XCRemoteSwiftPackageReference "SwifterSwift" */ = {
			isa = XCRemoteSwiftPackageReference;
			repositoryURL = "https://github.com/SwifterSwift/SwifterSwift.git";
			requirement = {
				kind = upToNextMajorVersion;
				minimumVersion = 5.2.0;
			};
		};
/* End XCRemoteSwiftPackageReference section */

/* Begin XCSwiftPackageProductDependency section */
		CA2DBC3326B0665900806D6B /* SwifterSwift */ = {
			isa = XCSwiftPackageProductDependency;
			package = CA2DBC3226B0665900806D6B /* XCRemoteSwiftPackageReference "SwifterSwift" */;
			productName = SwifterSwift;
		};
/* End XCSwiftPackageProductDependency section */

/* Begin XCVersionGroup section */
		CAA52FD426AE43C000D34413 /* TodoDataModel.xcdatamodeld */ = {
			isa = XCVersionGroup;
			children = (
				CAA52FD526AE43C000D34413 /* TodoDataModel.xcdatamodel */,
			);
			currentVersion = CAA52FD526AE43C000D34413 /* TodoDataModel.xcdatamodel */;
			path = TodoDataModel.xcdatamodeld;
			sourceTree = "<group>";
			versionGroupType = wrapper.xcdatamodel;
		};
/* End XCVersionGroup section */
	};
	rootObject = CAA52F9E26ACDA9700D34413 /* Project object */;
}
